{
  "version": 2,
  "dependencies": {
    "net9.0": {
      "Microsoft.AspNetCore.OpenApi": {
        "type": "Direct",
        "requested": "[9.0.8, )",
        "resolved": "9.0.8",
        "contentHash": "BwF9sQCKmvu93C/pmKxJjPhF5fFB23MEcgTsGL+7W3wKLYawS4lyFSL5/qh00IJzuADLf+1SmvxMaphbyZYqQQ==",
        "dependencies": {
          "Microsoft.OpenApi": "1.6.17"
        }
      },
      "Swashbuckle.AspNetCore": {
        "type": "Direct",
        "requested": "[9.0.3, )",
        "resolved": "9.0.3",
        "contentHash": "Akk4oFgy0ST8Q8pZTfPbrt045tWNyMMiKhlbYjG3qnjQZLz645IL5vhQm7NLicc2sAAQ+vftArIlsYWFevmb2g==",
        "dependencies": {
          "Microsoft.Extensions.ApiDescription.Server": "9.0.0",
          "Swashbuckle.AspNetCore.Swagger": "9.0.3",
          "Swashbuckle.AspNetCore.SwaggerGen": "9.0.3",
          "Swashbuckle.AspNetCore.SwaggerUI": "9.0.3"
        }
      },
      "Tyle.Packages.Auth": {
        "type": "Direct",
        "requested": "[9.2026.30902.101, )",
        "resolved": "9.2026.30902.101",
        "contentHash": "4Iyfoo7fZmuAo50XICTIX3X7uT+hbS9wf9rqd9Me1Psgfrrqd4vd3HbYJcqlJKbO7H1EGYnLvVihDCusF+x+kw==",
        "dependencies": {
          "Microsoft.AspNetCore.Authentication.JwtBearer": "9.0.8",
          "Microsoft.EntityFrameworkCore": "9.0.8",
          "Microsoft.EntityFrameworkCore.Relational": "9.0.8",
          "Microsoft.IdentityModel.Tokens": "8.14.0",
          "System.IdentityModel.Tokens.Jwt": "8.14.0",
          "Tyle.Packages.Bases": "9.2026.30902.101",
          "Tyle.Packages.ComplexTypes": "9.2026.30902.101",
          "Tyle.Packages.Domain": "9.2026.30902.101",
          "Tyle.Packages.Enums": "9.2026.30902.101",
          "Tyle.Packages.Interfaces": "9.2026.30902.101"
        }
      },
      "Tyle.Packages.Bases": {
        "type": "Direct",
        "requested": "[9.2026.30902.101, )",
        "resolved": "9.2026.30902.101",
        "contentHash": "vldt8KCc5duvTJA6z/0i5IH5ytn/dHgFFzabpt/5blqnkgYAzeyCnPDdcFPkZfucQcVLTBbCwCcCh4+G5brGUA==",
        "dependencies": {
          "Microsoft.EntityFrameworkCore": "9.0.8",
          "Microsoft.EntityFrameworkCore.Relational": "9.0.8",
          "Tyle.Packages.Interfaces": "9.2026.30902.101"
        }
      },
      "Tyle.Packages.Results.AspNetCore": {
        "type": "Direct",
        "requested": "[9.2026.30902.101, )",
        "resolved": "9.2026.30902.101",
        "contentHash": "TjDW19dSBHLPRANWz6oB88yrOCyIBu41e8rrKXDng9Ljacg4+xhaUZREYIxbIu08bHh9YHJtUzKF9Mh52pgtXQ==",
        "dependencies": {
          "Microsoft.Data.SqlClient": "6.1.0",
          "Microsoft.EntityFrameworkCore": "9.0.8",
          "Tyle.Packages.Enums": "9.2026.30902.101",
          "Tyle.Packages.Results": "9.2026.30902.101"
        }
      },
      "Azure.Core": {
        "type": "Transitive",
        "resolved": "1.44.1",
        "contentHash": "YyznXLQZCregzHvioip07/BkzjuWNXogJEVz9T5W6TwjNr17ax41YGzYMptlo2G10oLCuVPoyva62y0SIRDixg==",
        "dependencies": {
          "Microsoft.Bcl.AsyncInterfaces": "6.0.0",
          "System.ClientModel": "1.1.0",
          "System.Diagnostics.DiagnosticSource": "6.0.1",
          "System.Memory.Data": "6.0.0",
          "System.Numerics.Vectors": "4.5.0",
          "System.Text.Encodings.Web": "6.0.0",
          "System.Text.Json": "6.0.10",
          "System.Threading.Tasks.Extensions": "4.5.4"
        }
      },
      "Azure.Identity": {
        "type": "Transitive",
        "resolved": "1.13.2",
        "contentHash": "CngQVQELdzFmsGSWyGIPIUOCrII7nApMVWxVmJCKQQrWxRXcNquCsZ+njRJRnhFUfD+KMAhpjyRCaceE4EOL6A==",
        "dependencies": {
          "Azure.Core": "1.44.1",
          "Microsoft.Identity.Client": "4.67.2",
          "Microsoft.Identity.Client.Extensions.Msal": "4.67.2",
          "System.Memory": "4.5.5",
          "System.Threading.Tasks.Extensions": "4.5.4"
        }
      },
      "Microsoft.AspNetCore.Authentication.JwtBearer": {
        "type": "Transitive",
        "resolved": "9.0.8",
        "contentHash": "pEuE/xaXHk2Rr2YiTraS7i2MNoTXSnX79VlJcdKx9MczrhDfBO4tHdF4HWOo542WPbjSeZx2PFjmHygo0XnK3Q==",
        "dependencies": {
          "Microsoft.IdentityModel.Protocols.OpenIdConnect": "8.0.1"
        }
      },
      "Microsoft.Bcl.AsyncInterfaces": {
        "type": "Transitive",
        "resolved": "6.0.0",
        "contentHash": "UcSjPsst+DfAdJGVDsu346FX0ci0ah+lw3WRtn18NUwEqRt70HaOQ7lI72vy3+1LxtqI3T5GWwV39rQSrCzAeg=="
      },
      "Microsoft.Bcl.Cryptography": {
        "type": "Transitive",
        "resolved": "9.0.4",
        "contentHash": "YgZYAWzyNuPVtPq6WNm0bqOWNjYaWgl5mBWTGZyNoXitYBUYSp6iUB9AwK0V1mo793qRJUXz2t6UZrWITZSvuQ=="
      },
      "Microsoft.Data.SqlClient": {
        "type": "Transitive",
        "resolved": "6.1.0",
        "contentHash": "xLUg2ZKmtYiZc2NhOhkXzL6jm28RU1eNGjms5QX5GecRjmNnqdt7F2zWjlbeSqngkODrvdFiQdbF7nHG8x3/5A==",
        "dependencies": {
          "Azure.Identity": "1.13.2",
          "Microsoft.Bcl.Cryptography": "9.0.4",
          "Microsoft.Data.SqlClient.SNI.runtime": "6.0.2",
          "Microsoft.Extensions.Caching.Memory": "9.0.4",
          "Microsoft.IdentityModel.JsonWebTokens": "7.7.1",
          "Microsoft.IdentityModel.Protocols.OpenIdConnect": "7.7.1",
          "Microsoft.SqlServer.Server": "1.0.0",
          "System.Configuration.ConfigurationManager": "9.0.4",
          "System.Security.Cryptography.Pkcs": "9.0.4",
          "System.Text.Json": "9.0.5"
        }
      },
      "Microsoft.Data.SqlClient.SNI.runtime": {
        "type": "Transitive",
        "resolved": "6.0.2",
        "contentHash": "f+pRODTWX7Y67jXO3T5S2dIPZ9qMJNySjlZT/TKmWVNWe19N8jcWmHaqHnnchaq3gxEKv1SWVY5EFzOD06l41w=="
      },
      "Microsoft.EntityFrameworkCore": {
        "type": "Transitive",
        "resolved": "9.0.8",
        "contentHash": "bNGdPhN762+BIIO5MFYLjafRqkSS1MqLOc/erd55InvLnFxt9H3N5JNsuag1ZHyBor1VtD42U0CHpgqkWeAYgQ==",
        "dependencies": {
          "Microsoft.EntityFrameworkCore.Abstractions": "9.0.8",
          "Microsoft.EntityFrameworkCore.Analyzers": "9.0.8",
          "Microsoft.Extensions.Caching.Memory": "9.0.8",
          "Microsoft.Extensions.Logging": "9.0.8"
        }
      },
      "Microsoft.EntityFrameworkCore.Abstractions": {
        "type": "Transitive",
        "resolved": "9.0.8",
        "contentHash": "B2yfAIQRRAQ4zvvWqh+HudD+juV3YoLlpXnrog3tU0PM9AFpuq6xo0+mEglN1P43WgdcUiF+65CWBcZe35s15Q=="
      },
      "Microsoft.EntityFrameworkCore.Analyzers": {
        "type": "Transitive",
        "resolved": "9.0.8",
        "contentHash": "2EYStCXt4Hi9p3J3EYMQbItJDtASJd064Kcs8C8hj8Jt5srILrR9qlaL0Ryvk8NrWQoCQvIELsmiuqLEZMLvGA=="
      },
      "Microsoft.EntityFrameworkCore.Relational": {
        "type": "Transitive",
        "resolved": "9.0.8",
        "contentHash": "OVhfyxiHxMvYpwQ8Jy3YZi4koy6TK5/Q7C1oq3z6db+HEGuu6x9L1BX5zDIdJxxlRePMyO4D8ORiXj/D7+MUqw==",
        "dependencies": {
          "Microsoft.EntityFrameworkCore": "9.0.8",
          "Microsoft.Extensions.Caching.Memory": "9.0.8",
          "Microsoft.Extensions.Configuration.Abstractions": "9.0.8",
          "Microsoft.Extensions.Logging": "9.0.8"
        }
      },
      "Microsoft.Extensions.ApiDescription.Server": {
        "type": "Transitive",
        "resolved": "9.0.0",
        "contentHash": "1Kzzf7pRey40VaUkHN9/uWxrKVkLu2AQjt+GVeeKLLpiEHAJ1xZRsLSh4ZZYEnyS7Kt2OBOPmsXNdU+wbcOl5w=="
      },
      "Microsoft.Extensions.Caching.Abstractions": {
        "type": "Transitive",
        "resolved": "9.0.8",
        "contentHash": "4h7bsVoKoiK+SlPM+euX/ayGnKZhl47pPCidLTiio9xyG+vgVVfcYxcYQgjm0SCrdSxjG0EGIAKF8EFr3G8Ifw==",
        "dependencies": {
          "Microsoft.Extensions.Primitives": "9.0.8"
        }
      },
      "Microsoft.Extensions.Caching.Memory": {
        "type": "Transitive",
        "resolved": "9.0.8",
        "contentHash": "grR+oPyj8HVn4DT8CFUUdSw2pZZKS13KjytFe4txpHQliGM1GEDotohmjgvyl3hm7RFB3FRqvbouEX3/1ewp5A==",
        "dependencies": {
          "Microsoft.Extensions.Caching.Abstractions": "9.0.8",
          "Microsoft.Extensions.DependencyInjection.Abstractions": "9.0.8",
          "Microsoft.Extensions.Logging.Abstractions": "9.0.8",
          "Microsoft.Extensions.Options": "9.0.8",
          "Microsoft.Extensions.Primitives": "9.0.8"
        }
      },
      "Microsoft.Extensions.DependencyInjection": {
        "type": "Transitive",
        "resolved": "9.0.8",
        "contentHash": "JJjI2Fa+QtZcUyuNjbKn04OjIUX5IgFGFu/Xc+qvzh1rXdZHLcnqqVXhR4093bGirTwacRlHiVg1XYI9xum6QQ==",
        "dependencies": {
          "Microsoft.Extensions.DependencyInjection.Abstractions": "9.0.8"
        }
      },
      "Microsoft.Extensions.Logging": {
        "type": "Transitive",
        "resolved": "9.0.8",
        "contentHash": "Z/7ze+0iheT7FJeZPqJKARYvyC2bmwu3whbm/48BJjdlGVvgDguoCqJIkI/67NkroTYobd5geai1WheNQvWrgA==",
        "dependencies": {
          "Microsoft.Extensions.DependencyInjection": "9.0.8",
          "Microsoft.Extensions.Logging.Abstractions": "9.0.8",
          "Microsoft.Extensions.Options": "9.0.8"
        }
      },
      "Microsoft.Extensions.Logging.Abstractions": {
        "type": "Transitive",
        "resolved": "9.0.8",
        "contentHash": "pYnAffJL7ARD/HCnnPvnFKSIHnTSmWz84WIlT9tPeQ4lHNiu0Az7N/8itihWvcF8sT+VVD5lq8V+ckMzu4SbOw==",
        "dependencies": {
          "Microsoft.Extensions.DependencyInjection.Abstractions": "9.0.8"
        }
      },
      "Microsoft.Extensions.Options": {
        "type": "Transitive",
        "resolved": "9.0.8",
        "contentHash": "OmTaQ0v4gxGQkehpwWIqPoEiwsPuG/u4HUsbOFoWGx4DKET2AXzopnFe/fE608FIhzc/kcg2p8JdyMRCCUzitQ==",
        "dependencies": {
          "Microsoft.Extensions.DependencyInjection.Abstractions": "9.0.8",
          "Microsoft.Extensions.Primitives": "9.0.8"
        }
      },
      "Microsoft.Extensions.Primitives": {
        "type": "Transitive",
        "resolved": "9.0.8",
        "contentHash": "tizSIOEsIgSNSSh+hKeUVPK7xmTIjR8s+mJWOu1KXV3htvNQiPMFRMO17OdI1y/4ZApdBVk49u/08QGC9yvLug=="
      },
      "Microsoft.Identity.Client": {
        "type": "Transitive",
        "resolved": "4.67.2",
        "contentHash": "37t0TfekfG6XM8kue/xNaA66Qjtti5Qe1xA41CK+bEd8VD76/oXJc+meFJHGzygIC485dCpKoamG/pDfb9Qd7Q==",
        "dependencies": {
          "Microsoft.IdentityModel.Abstractions": "6.35.0",
          "System.Diagnostics.DiagnosticSource": "6.0.1"
        }
      },
      "Microsoft.Identity.Client.Extensions.Msal": {
        "type": "Transitive",
        "resolved": "4.67.2",
        "contentHash": "DKs+Lva6csEUZabw+JkkjtFgVmcXh4pJeQy5KH5XzPOaKNoZhAMYj1qpKd97qYTZKXIFH12bHPk0DA+6krw+Cw==",
        "dependencies": {
          "Microsoft.Identity.Client": "4.67.2",
          "System.Security.Cryptography.ProtectedData": "4.5.0"
        }
      },
      "Microsoft.IdentityModel.Abstractions": {
        "type": "Transitive",
        "resolved": "8.14.0",
        "contentHash": "iwbCpSjD3ehfTwBhtSNEtKPK0ICun6ov7Ibx6ISNA9bfwIyzI2Siwyi9eJFCJBwxowK9xcA1mj+jBWiigeqgcQ=="
      },
      "Microsoft.IdentityModel.JsonWebTokens": {
        "type": "Transitive",
        "resolved": "8.14.0",
        "contentHash": "4jOpiA4THdtpLyMdAb24dtj7+6GmvhOhxf5XHLYWmPKF8ApEnApal1UnJsKO4HxUWRXDA6C4WQVfYyqsRhpNpQ==",
        "dependencies": {
          "Microsoft.IdentityModel.Tokens": "8.14.0"
        }
      },
      "Microsoft.IdentityModel.Logging": {
        "type": "Transitive",
        "resolved": "8.14.0",
        "contentHash": "eqqnemdW38CKZEHS6diA50BV94QICozDZEvSrsvN3SJXUFwVB9gy+/oz76gldP7nZliA16IglXjXTCTdmU/Ejg==",
        "dependencies": {
          "Microsoft.IdentityModel.Abstractions": "8.14.0"
        }
      },
      "Microsoft.IdentityModel.Protocols": {
        "type": "Transitive",
        "resolved": "8.0.1",
        "contentHash": "uA2vpKqU3I2mBBEaeJAWPTjT9v1TZrGWKdgK6G5qJd03CLx83kdiqO9cmiK8/n1erkHzFBwU/RphP83aAe3i3g==",
        "dependencies": {
          "Microsoft.IdentityModel.Tokens": "8.0.1"
        }
      },
      "Microsoft.IdentityModel.Protocols.OpenIdConnect": {
        "type": "Transitive",
        "resolved": "8.0.1",
        "contentHash": "AQDbfpL+yzuuGhO/mQhKNsp44pm5Jv8/BI4KiFXR7beVGZoSH35zMV3PrmcfvSTsyI6qrcR898NzUauD6SRigg==",
        "dependencies": {
          "Microsoft.IdentityModel.Protocols": "8.0.1",
          "System.IdentityModel.Tokens.Jwt": "8.0.1"
        }
      },
      "Microsoft.IdentityModel.Tokens": {
        "type": "Transitive",
        "resolved": "8.14.0",
        "contentHash": "lKIZiBiGd36k02TCdMHp1KlNWisyIvQxcYJvIkz7P4gSQ9zi8dgh6S5Grj8NNG7HWYIPfQymGyoZ6JB5d1Lo1g==",
        "dependencies": {
          "Microsoft.Extensions.Logging.Abstractions": "8.0.0",
          "Microsoft.IdentityModel.Logging": "8.14.0"
        }
      },
      "Microsoft.OpenApi": {
        "type": "Transitive",
        "resolved": "1.6.23",
        "contentHash": "tZ1I0KXnn98CWuV8cpI247A17jaY+ILS9vvF7yhI0uPPEqF4P1d7BWL5Uwtel10w9NucllHB3nTkfYTAcHAh8g=="
      },
      "Microsoft.SqlServer.Server": {
        "type": "Transitive",
        "resolved": "1.0.0",
        "contentHash": "N4KeF3cpcm1PUHym1RmakkzfkEv3GRMyofVv40uXsQhCQeglr2OHNcUk2WOG51AKpGO8ynGpo9M/kFXSzghwug=="
      },
      "Swashbuckle.AspNetCore.Swagger": {
        "type": "Transitive",
        "resolved": "9.0.3",
        "contentHash": "CGpkZDWj1g/yH/0wYkxUtBhiFo5TY/Esq2fS0vlBvLOs1UL2Jzef9tdtYmTdd3zBPtnMyXQcsXjMt9yCxz4VaA==",
        "dependencies": {
          "Microsoft.OpenApi": "1.6.23"
        }
      },
      "Swashbuckle.AspNetCore.SwaggerGen": {
        "type": "Transitive",
        "resolved": "9.0.3",
        "contentHash": "STqjhw1TZiEGmIRgE6jcJUOcgU/Fjquc6dP4GqbuwBzqWZAWr/9T7FZOGWYEwKnmkMplzlUNepGHwnUrfTP0fw==",
        "dependencies": {
          "Swashbuckle.AspNetCore.Swagger": "9.0.3"
        }
      },
      "Swashbuckle.AspNetCore.SwaggerUI": {
        "type": "Transitive",
        "resolved": "9.0.3",
        "contentHash": "DgJKJASz5OAygeKv2+N0FCZVhQylESqLXrtrRAqIT0vKpX7t5ImJ1FL6+6OqxKiamGkL0jchRXR8OgpMSsMh8w=="
      },
      "System.ClientModel": {
        "type": "Transitive",
        "resolved": "1.1.0",
        "contentHash": "UocOlCkxLZrG2CKMAAImPcldJTxeesHnHGHwhJ0pNlZEvEXcWKuQvVOER2/NiOkJGRJk978SNdw3j6/7O9H1lg==",
        "dependencies": {
          "System.Memory.Data": "1.0.2",
          "System.Text.Json": "6.0.9"
        }
      },
      "System.Configuration.ConfigurationManager": {
        "type": "Transitive",
        "resolved": "9.0.4",
        "contentHash": "dvjqKp+2LpGid6phzrdrS/2mmEPxFl3jE1+L7614q4ZChKbLJCpHXg6sBILlCCED1t//EE+un/UdAetzIMpqnw==",
        "dependencies": {
          "System.Diagnostics.EventLog": "9.0.4",
          "System.Security.Cryptography.ProtectedData": "9.0.4"
        }
      },
      "System.Diagnostics.DiagnosticSource": {
        "type": "Transitive",
        "resolved": "6.0.1",
        "contentHash": "KiLYDu2k2J82Q9BJpWiuQqCkFjRBWVq4jDzKKWawVi9KWzyD0XG3cmfX0vqTQlL14Wi9EufJrbL0+KCLTbqWiQ==",
        "dependencies": {
          "System.Runtime.CompilerServices.Unsafe": "6.0.0"
        }
      },
      "System.Diagnostics.EventLog": {
        "type": "Transitive",
        "resolved": "9.0.4",
        "contentHash": "getRQEXD8idlpb1KW56XuxImMy0FKp2WJPDf3Qr0kI/QKxxJSftqfDFVo0DZ3HCJRLU73qHSruv5q2l5O47jQQ=="
      },
      "System.IdentityModel.Tokens.Jwt": {
        "type": "Transitive",
        "resolved": "8.14.0",
        "contentHash": "EYGgN/S+HK7S6F3GaaPLFAfK0UzMrkXFyWCvXpQWFYmZln3dqtbyIO7VuTM/iIIPMzkelg8ZLlBPvMhxj6nOAA==",
        "dependencies": {
          "Microsoft.IdentityModel.JsonWebTokens": "8.14.0",
          "Microsoft.IdentityModel.Tokens": "8.14.0"
        }
      },
      "System.Memory": {
        "type": "Transitive",
        "resolved": "4.5.5",
        "contentHash": "XIWiDvKPXaTveaB7HVganDlOCRoj03l+jrwNvcge/t8vhGYKvqV+dMv6G4SAX2NoNmN0wZfVPTAlFwZcZvVOUw=="
      },
      "System.Memory.Data": {
        "type": "Transitive",
        "resolved": "6.0.0",
        "contentHash": "ntFHArH3I4Lpjf5m4DCXQHJuGwWPNVJPaAvM95Jy/u+2Yzt2ryiyIN04LAogkjP9DeRcEOiviAjQotfmPq/FrQ==",
        "dependencies": {
          "System.Text.Json": "6.0.0"
        }
      },
      "System.Numerics.Vectors": {
        "type": "Transitive",
        "resolved": "4.5.0",
        "contentHash": "QQTlPTl06J/iiDbJCiepZ4H//BVraReU4O4EoRw1U02H5TLUIT7xn3GnDp9AXPSlJUDyFs4uWjWafNX6WrAojQ=="
      },
      "System.Runtime.CompilerServices.Unsafe": {
        "type": "Transitive",
        "resolved": "6.0.0",
        "contentHash": "/iUeP3tq1S0XdNNoMz5C9twLSrM/TH+qElHkXWaPvuNOt+99G75NrV0OS2EqHx5wMN7popYjpc8oTjC1y16DLg=="
      },
      "System.Security.Cryptography.Pkcs": {
        "type": "Transitive",
        "resolved": "9.0.4",
        "contentHash": "cUFTcMlz/Qw9s90b2wnWSCvHdjv51Bau9FQqhsr4TlwSe1OX+7SoXUqphis5G74MLOvMOCghxPPlEqOdCrVVGA=="
      },
      "System.Security.Cryptography.ProtectedData": {
        "type": "Transitive",
        "resolved": "9.0.4",
        "contentHash": "o94k2RKuAce3GeDMlUvIXlhVa1kWpJw95E6C9LwW0KlG0nj5+SgCiIxJ2Eroqb9sLtG1mEMbFttZIBZ13EJPvQ=="
      },
      "System.Text.Encodings.Web": {
        "type": "Transitive",
        "resolved": "6.0.0",
        "contentHash": "Vg8eB5Tawm1IFqj4TVK1czJX89rhFxJo9ELqc/Eiq0eXy13RK00eubyU6TJE6y+GQXjyV5gSfiewDUZjQgSE0w==",
        "dependencies": {
          "System.Runtime.CompilerServices.Unsafe": "6.0.0"
        }
      },
      "System.Text.Json": {
        "type": "Transitive",
        "resolved": "9.0.5",
        "contentHash": "rnP61ZfloTgPQPe7ecr36loNiGX3g1PocxlKHdY/FUpDSsExKkTxpMAlB4X35wNEPr1X7mkYZuQvW3Lhxmu7KA=="
      },
      "System.Threading.Tasks.Extensions": {
        "type": "Transitive",
        "resolved": "4.5.4",
        "contentHash": "zteT+G8xuGu6mS+mzDzYXbzS7rd3K6Fjb9RiZlYlJPam2/hU7JCBZBVEcywNuR+oZ1ncTvc/cq0faRr3P01OVg=="
      },
      "Tyle.Packages.ComplexTypes": {
        "type": "Transitive",
        "resolved": "9.2026.30902.101",
        "contentHash": "rg2PH/Z1BzgJ4pZoMoTipQa5DltvbbJXDxFFfPZ+xi7zaFphcKh/6MK2QuYIUOZ5/S5cVfMIp7JyQIiQ4RsHrg==",
        "dependencies": {
          "Microsoft.EntityFrameworkCore": "9.0.8",
          "Microsoft.EntityFrameworkCore.Relational": "9.0.8",
          "Tyle.Packages.Domain": "9.2026.30902.101",
          "Tyle.Packages.Enums": "9.2026.30902.101"
        }
      },
      "Tyle.Packages.Domain": {
        "type": "Transitive",
        "resolved": "9.2026.30902.101",
        "contentHash": "VOXCCCZ5BOhR1O24ho4O8rNt6WOrhmLr96GOcBHo0o99vj7QYp7uOKWK1szg+kvZs7V0Utsuy+0NMGYqs/FQdw==",
        "dependencies": {
          "Tyle.Packages.Bases": "9.2026.30902.101",
          "Tyle.Packages.Interfaces": "9.2026.30902.101"
        }
      },
      "Tyle.Packages.Enums": {
        "type": "Transitive",
        "resolved": "9.2026.30902.101",
        "contentHash": "/ACFp3KdB94LndXXit7XHs8L/W5B+p18QoxA20QsbuyM/TpQIql8oWJ6WbS+bKagm+5w/24iiK+1q8b8v6Bcsw=="
      },
      "Tyle.Packages.Interfaces": {
        "type": "Transitive",
        "resolved": "9.2026.30902.101",
        "contentHash": "ifwRn/dwR3hKUw35xe32oVjAeRUFDtYD/1x3ZCoto08cy4hYAGvnhWqwE/vQ8Ky1/6Ct9gMQjhnl4nfzL8QaBg=="
      },
      "Tyle.Packages.Results": {
        "type": "Transitive",
        "resolved": "9.2026.30902.101",
        "contentHash": "QeAHB+CM39TLFGcn1kN1MZGuIl5RHza8BhJWrt/f0CJKkSW/Fmehok+sHMJh2PdyF8ReAsQFbTymbYi5CmxuOQ=="
      },
      "tyle.saas.backend.food.application": {
        "type": "Project",
        "dependencies": {
          "Microsoft.Extensions.DependencyInjection.Abstractions": "[9.0.8, )",
          "Tyle.SaaS.Backend.Food.Domain": "[1.0.0, )"
        }
      },
      "tyle.saas.backend.food.domain": {
        "type": "Project"
      },
      "tyle.saas.backend.food.infrastructure": {
        "type": "Project",
        "dependencies": {
          "Microsoft.Extensions.Configuration.Abstractions": "[9.0.8, )",
          "Microsoft.Extensions.DependencyInjection.Abstractions": "[9.0.8, )",
          "Tyle.SaaS.Backend.Food.Application": "[1.0.0, )"
        }
      },
      "Microsoft.Extensions.Configuration.Abstractions": {
        "type": "CentralTransitive",
        "requested": "[9.0.8, )",
        "resolved": "9.0.8",
        "contentHash": "yNou2KM35RvzOh4vUFtl2l33rWPvOCoba+nzEDJ+BgD8aOL/jew4WPCibQvntRfOJ2pJU8ARygSMD+pdjvDHuA==",
        "dependencies": {
          "Microsoft.Extensions.Primitives": "9.0.8"
        }
      },
      "Microsoft.Extensions.DependencyInjection.Abstractions": {
        "type": "CentralTransitive",
        "requested": "[9.0.8, )",
        "resolved": "9.0.8",
        "contentHash": "xY3lTjj4+ZYmiKIkyWitddrp1uL5uYiweQjqo4BKBw01ZC4HhcfgLghDpPZcUlppgWAFqFy9SgkiYWOMx365pw=="
      }
    }
  }
}